
Microsoft Visual Studio Solution File, Format Version 12.00
# Visual Studio Version 17
VisualStudioVersion = 17.11.35327.3
MinimumVisualStudioVersion = 10.0.40219.1
Project("{9A19103F-16F7-4668-BE54-9A1E7A4F7556}") = "D01", "D01\D01.csproj", "{23979CF3-F6B5-4329-A5B3-6CFE4EA1067A}"
EndProject
Project("{9A19103F-16F7-4668-BE54-9A1E7A4F7556}") = "D02", "D02\D02.csproj", "{E0CC01A7-E4F2-451E-A395-2AC4320B5A2B}"
EndProject
Project("{9A19103F-16F7-4668-BE54-9A1E7A4F7556}") = "D03", "D03\D03.csproj", "{76E6F4C9-BE1C-453A-8C5E-6B286BA46A33}"
EndProject
Project("{FAE04EC0-301F-11D3-BF4B-00C04F79EFBC}") = "D04", "D04\D04.csproj", "{08844E2C-A1C5-4B3B-9CD3-D0A9E7E6A279}"
EndProject
Global
	GlobalSection(SolutionConfigurationPlatforms) = preSolution
		Debug|Any CPU = Debug|Any CPU
		Release|Any CPU = Release|Any CPU
	EndGlobalSection
	GlobalSection(ProjectConfigurationPlatforms) = postSolution
		{23979CF3-F6B5-4329-A5B3-6CFE4EA1067A}.Debug|Any CPU.ActiveCfg = Debug|Any CPU
		{23979CF3-F6B5-4329-A5B3-6CFE4EA1067A}.Debug|Any CPU.Build.0 = Debug|Any CPU
		{23979CF3-F6B5-4329-A5B3-6CFE4EA1067A}.Release|Any CPU.ActiveCfg = Release|Any CPU
		{23979CF3-F6B5-4329-A5B3-6CFE4EA1067A}.Release|Any CPU.Build.0 = Release|Any CPU
		{E0CC01A7-E4F2-451E-A395-2AC4320B5A2B}.Debug|Any CPU.ActiveCfg = Debug|Any CPU
		{E0CC01A7-E4F2-451E-A395-2AC4320B5A2B}.Debug|Any CPU.Build.0 = Debug|Any CPU
		{E0CC01A7-E4F2-451E-A395-2AC4320B5A2B}.Release|Any CPU.ActiveCfg = Release|Any CPU
		{E0CC01A7-E4F2-451E-A395-2AC4320B5A2B}.Release|Any CPU.Build.0 = Release|Any CPU
		{76E6F4C9-BE1C-453A-8C5E-6B286BA46A33}.Debug|Any CPU.ActiveCfg = Debug|Any CPU
		{76E6F4C9-BE1C-453A-8C5E-6B286BA46A33}.Debug|Any CPU.Build.0 = Debug|Any CPU
		{76E6F4C9-BE1C-453A-8C5E-6B286BA46A33}.Release|Any CPU.ActiveCfg = Release|Any CPU
		{76E6F4C9-BE1C-453A-8C5E-6B286BA46A33}.Release|Any CPU.Build.0 = Release|Any CPU
		{08844E2C-A1C5-4B3B-9CD3-D0A9E7E6A279}.Debug|Any CPU.ActiveCfg = Debug|Any CPU
		{08844E2C-A1C5-4B3B-9CD3-D0A9E7E6A279}.Debug|Any CPU.Build.0 = Debug|Any CPU
		{08844E2C-A1C5-4B3B-9CD3-D0A9E7E6A279}.Release|Any CPU.ActiveCfg = Release|Any CPU
		{08844E2C-A1C5-4B3B-9CD3-D0A9E7E6A279}.Release|Any CPU.Build.0 = Release|Any CPU
	EndGlobalSection
	GlobalSection(SolutionProperties) = preSolution
		HideSolutionNode = FALSE
	EndGlobalSection
	GlobalSection(ExtensibilityGlobals) = postSolution
		SolutionGuid = {A6F36114-AE1F-45C7-9F63-8C2910B5F4C6}
	EndGlobalSection
EndGlobal
